
Microsoft Visual Studio Solution File, Format Version 12.00
# Visual Studio Version 17
VisualStudioVersion = 17.5.33516.290
MinimumVisualStudioVersion = 10.0.40219.1
Project("{FAE04EC0-301F-11D3-BF4B-00C04F79EFBC}") = "Unit19", "Unit19\Unit19.csproj", "{AFD634D4-004D-4336-97A0-B4B1781A270C}"
EndProject
Global
	GlobalSection(SolutionConfigurationPlatforms) = preSolution
		Debug|Any CPU = Debug|Any CPU
		Release|Any CPU = Release|Any CPU
	EndGlobalSection
	GlobalSection(ProjectConfigurationPlatforms) = postSolution
		{AFD634D4-004D-4336-97A0-B4B1781A270C}.Debug|Any CPU.ActiveCfg = Debug|Any CPU
		{AFD634D4-004D-4336-97A0-B4B1781A270C}.Debug|Any CPU.Build.0 = Debug|Any CPU
		{AFD634D4-004D-4336-97A0-B4B1781A270C}.Release|Any CPU.ActiveCfg = Release|Any CPU
		{AFD634D4-004D-4336-97A0-B4B1781A270C}.Release|Any CPU.Build.0 = Release|Any CPU
	EndGlobalSection
	GlobalSection(SolutionProperties) = preSolution
		HideSolutionNode = FALSE
	EndGlobalSection
	GlobalSection(ExtensibilityGlobals) = postSolution
		SolutionGuid = {2EC7168E-C531-4365-BA79-487ED939F184}
	EndGlobalSection
EndGlobal
